
Microsoft Visual Studio Solution File, Format Version 12.00
# Visual Studio Version 16
VisualStudioVersion = 16.0.29519.87
MinimumVisualStudioVersion = 10.0.40219.1
Project("{FAE04EC0-301F-11D3-BF4B-00C04F79EFBC}") = "QLĐRenLuyen", "QLĐRenLuyen.csproj", "{56C71F12-4E03-4D2A-AFCC-021E44EC8442}"
EndProject
Global
	GlobalSection(SolutionConfigurationPlatforms) = preSolution
		Debug|Any CPU = Debug|Any CPU
		Release|Any CPU = Release|Any CPU
	EndGlobalSection
	GlobalSection(ProjectConfigurationPlatforms) = postSolution
		{56C71F12-4E03-4D2A-AFCC-021E44EC8442}.Debug|Any CPU.ActiveCfg = Debug|Any CPU
		{56C71F12-4E03-4D2A-AFCC-021E44EC8442}.Debug|Any CPU.Build.0 = Debug|Any CPU
		{56C71F12-4E03-4D2A-AFCC-021E44EC8442}.Release|Any CPU.ActiveCfg = Release|Any CPU
		{56C71F12-4E03-4D2A-AFCC-021E44EC8442}.Release|Any CPU.Build.0 = Release|Any CPU
	EndGlobalSection
	GlobalSection(SolutionProperties) = preSolution
		HideSolutionNode = FALSE
	EndGlobalSection
	GlobalSection(ExtensibilityGlobals) = postSolution
		SolutionGuid = {E2B60C9F-2B93-41A0-9460-7BE2E48B9A27}
	EndGlobalSection
EndGlobal
